
Microsoft Visual Studio Solution File, Format Version 12.00
# Visual Studio 15
VisualStudioVersion = 15.0.26124.0
MinimumVisualStudioVersion = 15.0.26124.0
Project("{FAE04EC0-301F-11D3-BF4B-00C04F79EFBC}") = "API", "API\API.csproj", "{FEDAAE34-12BE-40C6-A4B6-4AAB40D50FB4}"
EndProject
Project("{FAE04EC0-301F-11D3-BF4B-00C04F79EFBC}") = "Core", "Core\Core.csproj", "{639C7085-58E0-41C2-8C3A-E7746860ADD4}"
EndProject
Project("{FAE04EC0-301F-11D3-BF4B-00C04F79EFBC}") = "Infrastructure", "Infrastructure\Infrastructure.csproj", "{958ACA14-E206-40E0-B478-5841C62B4BB1}"
EndProject
Global
	GlobalSection(SolutionConfigurationPlatforms) = preSolution
		Debug|Any CPU = Debug|Any CPU
		Debug|x64 = Debug|x64
		Debug|x86 = Debug|x86
		Release|Any CPU = Release|Any CPU
		Release|x64 = Release|x64
		Release|x86 = Release|x86
	EndGlobalSection
	GlobalSection(SolutionProperties) = preSolution
		HideSolutionNode = FALSE
	EndGlobalSection
	GlobalSection(ProjectConfigurationPlatforms) = postSolution
		{FEDAAE34-12BE-40C6-A4B6-4AAB40D50FB4}.Debug|Any CPU.ActiveCfg = Debug|Any CPU
		{FEDAAE34-12BE-40C6-A4B6-4AAB40D50FB4}.Debug|Any CPU.Build.0 = Debug|Any CPU
		{FEDAAE34-12BE-40C6-A4B6-4AAB40D50FB4}.Debug|x64.ActiveCfg = Debug|Any CPU
		{FEDAAE34-12BE-40C6-A4B6-4AAB40D50FB4}.Debug|x64.Build.0 = Debug|Any CPU
		{FEDAAE34-12BE-40C6-A4B6-4AAB40D50FB4}.Debug|x86.ActiveCfg = Debug|Any CPU
		{FEDAAE34-12BE-40C6-A4B6-4AAB40D50FB4}.Debug|x86.Build.0 = Debug|Any CPU
		{FEDAAE34-12BE-40C6-A4B6-4AAB40D50FB4}.Release|Any CPU.ActiveCfg = Release|Any CPU
		{FEDAAE34-12BE-40C6-A4B6-4AAB40D50FB4}.Release|Any CPU.Build.0 = Release|Any CPU
		{FEDAAE34-12BE-40C6-A4B6-4AAB40D50FB4}.Release|x64.ActiveCfg = Release|Any CPU
		{FEDAAE34-12BE-40C6-A4B6-4AAB40D50FB4}.Release|x64.Build.0 = Release|Any CPU
		{FEDAAE34-12BE-40C6-A4B6-4AAB40D50FB4}.Release|x86.ActiveCfg = Release|Any CPU
		{FEDAAE34-12BE-40C6-A4B6-4AAB40D50FB4}.Release|x86.Build.0 = Release|Any CPU
		{639C7085-58E0-41C2-8C3A-E7746860ADD4}.Debug|Any CPU.ActiveCfg = Debug|Any CPU
		{639C7085-58E0-41C2-8C3A-E7746860ADD4}.Debug|Any CPU.Build.0 = Debug|Any CPU
		{639C7085-58E0-41C2-8C3A-E7746860ADD4}.Debug|x64.ActiveCfg = Debug|Any CPU
		{639C7085-58E0-41C2-8C3A-E7746860ADD4}.Debug|x64.Build.0 = Debug|Any CPU
		{639C7085-58E0-41C2-8C3A-E7746860ADD4}.Debug|x86.ActiveCfg = Debug|Any CPU
		{639C7085-58E0-41C2-8C3A-E7746860ADD4}.Debug|x86.Build.0 = Debug|Any CPU
		{639C7085-58E0-41C2-8C3A-E7746860ADD4}.Release|Any CPU.ActiveCfg = Release|Any CPU
		{639C7085-58E0-41C2-8C3A-E7746860ADD4}.Release|Any CPU.Build.0 = Release|Any CPU
		{639C7085-58E0-41C2-8C3A-E7746860ADD4}.Release|x64.ActiveCfg = Release|Any CPU
		{639C7085-58E0-41C2-8C3A-E7746860ADD4}.Release|x64.Build.0 = Release|Any CPU
		{639C7085-58E0-41C2-8C3A-E7746860ADD4}.Release|x86.ActiveCfg = Release|Any CPU
		{639C7085-58E0-41C2-8C3A-E7746860ADD4}.Release|x86.Build.0 = Release|Any CPU
		{958ACA14-E206-40E0-B478-5841C62B4BB1}.Debug|Any CPU.ActiveCfg = Debug|Any CPU
		{958ACA14-E206-40E0-B478-5841C62B4BB1}.Debug|Any CPU.Build.0 = Debug|Any CPU
		{958ACA14-E206-40E0-B478-5841C62B4BB1}.Debug|x64.ActiveCfg = Debug|Any CPU
		{958ACA14-E206-40E0-B478-5841C62B4BB1}.Debug|x64.Build.0 = Debug|Any CPU
		{958ACA14-E206-40E0-B478-5841C62B4BB1}.Debug|x86.ActiveCfg = Debug|Any CPU
		{958ACA14-E206-40E0-B478-5841C62B4BB1}.Debug|x86.Build.0 = Debug|Any CPU
		{958ACA14-E206-40E0-B478-5841C62B4BB1}.Release|Any CPU.ActiveCfg = Release|Any CPU
		{958ACA14-E206-40E0-B478-5841C62B4BB1}.Release|Any CPU.Build.0 = Release|Any CPU
		{958ACA14-E206-40E0-B478-5841C62B4BB1}.Release|x64.ActiveCfg = Release|Any CPU
		{958ACA14-E206-40E0-B478-5841C62B4BB1}.Release|x64.Build.0 = Release|Any CPU
		{958ACA14-E206-40E0-B478-5841C62B4BB1}.Release|x86.ActiveCfg = Release|Any CPU
		{958ACA14-E206-40E0-B478-5841C62B4BB1}.Release|x86.Build.0 = Release|Any CPU
	EndGlobalSection
EndGlobal
